
Microsoft Visual Studio Solution File, Format Version 12.00
# Visual Studio Version 16
VisualStudioVersion = 16.0.30330.147
MinimumVisualStudioVersion = 10.0.40219.1
Project("{FAE04EC0-301F-11D3-BF4B-00C04F79EFBC}") = "EFCoreDBFirst", "EFCoreDBFirst.csproj", "{BF0C7535-11B8-4B95-A6AD-DEF948030515}"
EndProject
Global
	GlobalSection(SolutionConfigurationPlatforms) = preSolution
		Debug|Any CPU = Debug|Any CPU
		Release|Any CPU = Release|Any CPU
	EndGlobalSection
	GlobalSection(ProjectConfigurationPlatforms) = postSolution
		{BF0C7535-11B8-4B95-A6AD-DEF948030515}.Debug|Any CPU.ActiveCfg = Debug|Any CPU
		{BF0C7535-11B8-4B95-A6AD-DEF948030515}.Debug|Any CPU.Build.0 = Debug|Any CPU
		{BF0C7535-11B8-4B95-A6AD-DEF948030515}.Release|Any CPU.ActiveCfg = Release|Any CPU
		{BF0C7535-11B8-4B95-A6AD-DEF948030515}.Release|Any CPU.Build.0 = Release|Any CPU
	EndGlobalSection
	GlobalSection(SolutionProperties) = preSolution
		HideSolutionNode = FALSE
	EndGlobalSection
	GlobalSection(ExtensibilityGlobals) = postSolution
		SolutionGuid = {7AFE0E36-C4AF-4663-8480-038AA1D771B8}
	EndGlobalSection
EndGlobal
